
Microsoft Visual Studio Solution File, Format Version 12.00
# Visual Studio 15
VisualStudioVersion = 15.0.27004.2010
MinimumVisualStudioVersion = 10.0.40219.1
Project("{FAE04EC0-301F-11D3-BF4B-00C04F79EFBC}") = "Tutorials", "Tutorials\Tutorials.csproj", "{D97372D4-C4A8-4094-91AE-9FC56F51623C}"
EndProject
Project("{FAE04EC0-301F-11D3-BF4B-00C04F79EFBC}") = "CustomEventTutorial", "CustomEventTutorial\CustomEventTutorial.csproj", "{C34D8762-D5DD-4C51-8839-A693A5F3FC23}"
EndProject
Project("{FAE04EC0-301F-11D3-BF4B-00C04F79EFBC}") = "CustomerEventWpfTutorial", "CustomerEventWpfTutorial\CustomerEventWpfTutorial.csproj", "{7B7F7DAD-91D9-4FCB-94C7-B717257E0874}"
EndProject
Project("{FAE04EC0-301F-11D3-BF4B-00C04F79EFBC}") = "SimpleCustomEventWpfTutorial", "SimpleCustomEventWpfTutorial\SimpleCustomEventWpfTutorial.csproj", "{C34B0DA0-8959-4A17-B180-1BF93B8CE0A2}"
EndProject
Project("{FAE04EC0-301F-11D3-BF4B-00C04F79EFBC}") = "PopupControlLib", "PopupControlLib\PopupControlLib.csproj", "{147678A6-EED6-4665-B866-097273F9A7D2}"
EndProject
Project("{FAE04EC0-301F-11D3-BF4B-00C04F79EFBC}") = "PopupControlTest", "PopupControlTest\PopupControlTest.csproj", "{E57EE3E3-7D51-477A-AABF-3485DDC091D4}"
EndProject
Project("{2150E333-8FDC-42A3-9474-1A3956D46DE8}") = "CustomControl", "CustomControl", "{21008BF9-633F-4227-8FC9-63678734D689}"
EndProject
Project("{FAE04EC0-301F-11D3-BF4B-00C04F79EFBC}") = "Routed Event Example", "Routed Event Example\Routed Event Example.csproj", "{79DDF0AF-1169-459B-9AE3-0390E7C78E28}"
EndProject
Project("{2150E333-8FDC-42A3-9474-1A3956D46DE8}") = "cSharpProgramming", "cSharpProgramming", "{0283D981-2AB8-41AD-923F-531A33C33FC0}"
EndProject
Project("{FAE04EC0-301F-11D3-BF4B-00C04F79EFBC}") = "As_IsTutorial", "As_IsTutorial\As_IsTutorial.csproj", "{D8E7BCC0-A2AD-4DC0-BCD6-9F96005F515C}"
EndProject
Project("{FAE04EC0-301F-11D3-BF4B-00C04F79EFBC}") = "Parallel-for-loop-with-thread-local-variables", "Parallel-for-loop-with-thread-local-variables\Parallel-for-loop-with-thread-local-variables.csproj", "{A24D31CB-EBEA-484B-A6E8-F3FD8BF3C5C2}"
EndProject
Project("{FAE04EC0-301F-11D3-BF4B-00C04F79EFBC}") = "CancelParallelLoops", "CancelParallelLoops\CancelParallelLoops.csproj", "{D8C37B15-7264-481F-BC2D-683957BB1A9E}"
EndProject
Project("{FAE04EC0-301F-11D3-BF4B-00C04F79EFBC}") = "ThreadTaskTutorial", "ThreadTaskTutorial\ThreadTaskTutorial.csproj", "{71FA2028-78C9-466D-BF32-06C889E97B37}"
EndProject
Project("{FAE04EC0-301F-11D3-BF4B-00C04F79EFBC}") = "ProducerConsumerParallel_", "ProducerConsumerParallel_\ProducerConsumerParallel_.csproj", "{EE00EB95-615C-45E9-A606-21F1DD2EAA35}"
EndProject
Project("{FAE04EC0-301F-11D3-BF4B-00C04F79EFBC}") = "ConcurentDictionaryExamples", "ConcurentDictionaryExamples\ConcurentDictionaryExamples.csproj", "{9A08D47E-538B-4AD2-B4E6-76A29AECD324}"
EndProject
Project("{FAE04EC0-301F-11D3-BF4B-00C04F79EFBC}") = "ThreadCulture", "cSharpProgramming\ThreadCulture\ThreadCulture.csproj", "{62F7C5C6-7229-4C79-8850-1A7B387B82F7}"
EndProject
Project("{FAE04EC0-301F-11D3-BF4B-00C04F79EFBC}") = "ChainTask.ContinueWith", "cSharpProgramming\ChainTask.ContinueWith\ChainTask.ContinueWith.csproj", "{238D63C6-287F-4840-8038-F4CCF0A8C211}"
EndProject
Project("{FAE04EC0-301F-11D3-BF4B-00C04F79EFBC}") = "ContinueWhenAllWithArgument", "ContinueWhenAllWithArgument\ContinueWhenAllWithArgument.csproj", "{2B0487E3-C9A1-4DEA-949A-31EE9D911CB8}"
EndProject
Project("{FAE04EC0-301F-11D3-BF4B-00C04F79EFBC}") = "CachedDownloads", "CachedDownloads\CachedDownloads.csproj", "{A165C070-D51A-4261-BD4D-C497175DF4FF}"
EndProject
Project("{FAE04EC0-301F-11D3-BF4B-00C04F79EFBC}") = "WaitingForMultipleTasksToComplete", "WaitingForMultipleTasksToComplete\WaitingForMultipleTasksToComplete.csproj", "{D779B197-E8FE-4329-BA3E-31B74FD11504}"
EndProject
Project("{FAE04EC0-301F-11D3-BF4B-00C04F79EFBC}") = "AsyncAwaitDemoApp", "cSharpProgramming\AsyncAwaitDemoApp\AsyncAwaitDemoApp.csproj", "{0AB488E8-E27C-4DAE-BA3F-81682E87BE17}"
EndProject
Project("{FAE04EC0-301F-11D3-BF4B-00C04F79EFBC}") = "AsyncAwaitDemoAppUI", "AsyncAwaitDemoAppUI\AsyncAwaitDemoAppUI.csproj", "{06C7B8F3-709A-49F4-B479-6CE29D3B1861}"
EndProject
Project("{FAE04EC0-301F-11D3-BF4B-00C04F79EFBC}") = "WPF45_TaskbasedProgress", "cSharpProgramming\WPF-Async-Progress-master\WPF45_TaskbasedProgress\WPF45_TaskbasedProgress.csproj", "{62EED520-11F6-4B20-AC58-4096DD56E272}"
EndProject
Project("{FAE04EC0-301F-11D3-BF4B-00C04F79EFBC}") = "walkthrough-creating-a-dataflow-pipeline", "walkthrough-creating-a-dataflow-pipeline\walkthrough-creating-a-dataflow-pipeline.csproj", "{A4143863-A11B-4461-8C65-285CFD3FE8CD}"
EndProject
Project("{FAE04EC0-301F-11D3-BF4B-00C04F79EFBC}") = "IComparableTutorial", "IComparableTutorial\IComparableTutorial.csproj", "{479AD1C9-C19A-4062-9916-B1BF0B55DFFB}"
EndProject
Project("{2150E333-8FDC-42A3-9474-1A3956D46DE8}") = "DataFlow", "DataFlow", "{4B5D16F9-8B11-4CC3-8091-8FFF2E73B36E}"
EndProject
Project("{FAE04EC0-301F-11D3-BF4B-00C04F79EFBC}") = "walkthrough-using-dataflow-in-a-windows-forms-application", "DataFlow\walkthrough-using-dataflow-in-a-windows-forms-application\walkthrough-using-dataflow-in-a-windows-forms-application.csproj", "{0472CB1F-9651-4881-AD56-016C54DDCD18}"
EndProject
Project("{FAE04EC0-301F-11D3-BF4B-00C04F79EFBC}") = "UnlinkDataFlowBlocks", "DataFlow\UnlinkDataFlowBlocks\UnlinkDataFlowBlocks.csproj", "{2B0B80B3-063E-4C93-9D7B-70C1A1CEE3E4}"
EndProject
Project("{2150E333-8FDC-42A3-9474-1A3956D46DE8}") = "BlockingCollections", "BlockingCollections", "{02EFB061-A064-44B6-A53C-E7EA34B1883A}"
EndProject
Project("{FAE04EC0-301F-11D3-BF4B-00C04F79EFBC}") = "PipeLineWithBlockingCollection", "BlockingCollection\PipeLineWithBlockingCollection\PipeLineWithBlockingCollection.csproj", "{C6C6AC19-1C95-46C0-8C18-79019B99C2CA}"
EndProject
Project("{2150E333-8FDC-42A3-9474-1A3956D46DE8}") = "ConcurentCollections", "ConcurentCollections", "{5BBBC73C-4AC0-41D4-89DC-9A02BDA2FF39}"
EndProject
Project("{FAE04EC0-301F-11D3-BF4B-00C04F79EFBC}") = "CreateObjectPoolWithConcurrentBag", "ConcurentCollections\CreateObjectPoolWithConcurrentBag\CreateObjectPoolWithConcurrentBag.csproj", "{009EF9AD-E00D-4F3D-AB78-0CF847DC584A}"
EndProject
Global
	GlobalSection(SolutionConfigurationPlatforms) = preSolution
		Debug|Any CPU = Debug|Any CPU
		Release|Any CPU = Release|Any CPU
	EndGlobalSection
	GlobalSection(ProjectConfigurationPlatforms) = postSolution
		{D97372D4-C4A8-4094-91AE-9FC56F51623C}.Debug|Any CPU.ActiveCfg = Debug|Any CPU
		{D97372D4-C4A8-4094-91AE-9FC56F51623C}.Debug|Any CPU.Build.0 = Debug|Any CPU
		{D97372D4-C4A8-4094-91AE-9FC56F51623C}.Release|Any CPU.ActiveCfg = Release|Any CPU
		{D97372D4-C4A8-4094-91AE-9FC56F51623C}.Release|Any CPU.Build.0 = Release|Any CPU
		{C34D8762-D5DD-4C51-8839-A693A5F3FC23}.Debug|Any CPU.ActiveCfg = Debug|Any CPU
		{C34D8762-D5DD-4C51-8839-A693A5F3FC23}.Debug|Any CPU.Build.0 = Debug|Any CPU
		{C34D8762-D5DD-4C51-8839-A693A5F3FC23}.Release|Any CPU.ActiveCfg = Release|Any CPU
		{C34D8762-D5DD-4C51-8839-A693A5F3FC23}.Release|Any CPU.Build.0 = Release|Any CPU
		{7B7F7DAD-91D9-4FCB-94C7-B717257E0874}.Debug|Any CPU.ActiveCfg = Debug|Any CPU
		{7B7F7DAD-91D9-4FCB-94C7-B717257E0874}.Debug|Any CPU.Build.0 = Debug|Any CPU
		{7B7F7DAD-91D9-4FCB-94C7-B717257E0874}.Release|Any CPU.ActiveCfg = Release|Any CPU
		{7B7F7DAD-91D9-4FCB-94C7-B717257E0874}.Release|Any CPU.Build.0 = Release|Any CPU
		{C34B0DA0-8959-4A17-B180-1BF93B8CE0A2}.Debug|Any CPU.ActiveCfg = Debug|Any CPU
		{C34B0DA0-8959-4A17-B180-1BF93B8CE0A2}.Debug|Any CPU.Build.0 = Debug|Any CPU
		{C34B0DA0-8959-4A17-B180-1BF93B8CE0A2}.Release|Any CPU.ActiveCfg = Release|Any CPU
		{C34B0DA0-8959-4A17-B180-1BF93B8CE0A2}.Release|Any CPU.Build.0 = Release|Any CPU
		{147678A6-EED6-4665-B866-097273F9A7D2}.Debug|Any CPU.ActiveCfg = Debug|Any CPU
		{147678A6-EED6-4665-B866-097273F9A7D2}.Debug|Any CPU.Build.0 = Debug|Any CPU
		{147678A6-EED6-4665-B866-097273F9A7D2}.Release|Any CPU.ActiveCfg = Release|Any CPU
		{147678A6-EED6-4665-B866-097273F9A7D2}.Release|Any CPU.Build.0 = Release|Any CPU
		{E57EE3E3-7D51-477A-AABF-3485DDC091D4}.Debug|Any CPU.ActiveCfg = Debug|Any CPU
		{E57EE3E3-7D51-477A-AABF-3485DDC091D4}.Debug|Any CPU.Build.0 = Debug|Any CPU
		{E57EE3E3-7D51-477A-AABF-3485DDC091D4}.Release|Any CPU.ActiveCfg = Release|Any CPU
		{E57EE3E3-7D51-477A-AABF-3485DDC091D4}.Release|Any CPU.Build.0 = Release|Any CPU
		{79DDF0AF-1169-459B-9AE3-0390E7C78E28}.Debug|Any CPU.ActiveCfg = Debug|Any CPU
		{79DDF0AF-1169-459B-9AE3-0390E7C78E28}.Debug|Any CPU.Build.0 = Debug|Any CPU
		{79DDF0AF-1169-459B-9AE3-0390E7C78E28}.Release|Any CPU.ActiveCfg = Release|Any CPU
		{79DDF0AF-1169-459B-9AE3-0390E7C78E28}.Release|Any CPU.Build.0 = Release|Any CPU
		{D8E7BCC0-A2AD-4DC0-BCD6-9F96005F515C}.Debug|Any CPU.ActiveCfg = Debug|Any CPU
		{D8E7BCC0-A2AD-4DC0-BCD6-9F96005F515C}.Debug|Any CPU.Build.0 = Debug|Any CPU
		{D8E7BCC0-A2AD-4DC0-BCD6-9F96005F515C}.Release|Any CPU.ActiveCfg = Release|Any CPU
		{D8E7BCC0-A2AD-4DC0-BCD6-9F96005F515C}.Release|Any CPU.Build.0 = Release|Any CPU
		{A24D31CB-EBEA-484B-A6E8-F3FD8BF3C5C2}.Debug|Any CPU.ActiveCfg = Debug|Any CPU
		{A24D31CB-EBEA-484B-A6E8-F3FD8BF3C5C2}.Debug|Any CPU.Build.0 = Debug|Any CPU
		{A24D31CB-EBEA-484B-A6E8-F3FD8BF3C5C2}.Release|Any CPU.ActiveCfg = Release|Any CPU
		{A24D31CB-EBEA-484B-A6E8-F3FD8BF3C5C2}.Release|Any CPU.Build.0 = Release|Any CPU
		{D8C37B15-7264-481F-BC2D-683957BB1A9E}.Debug|Any CPU.ActiveCfg = Debug|Any CPU
		{D8C37B15-7264-481F-BC2D-683957BB1A9E}.Debug|Any CPU.Build.0 = Debug|Any CPU
		{D8C37B15-7264-481F-BC2D-683957BB1A9E}.Release|Any CPU.ActiveCfg = Release|Any CPU
		{D8C37B15-7264-481F-BC2D-683957BB1A9E}.Release|Any CPU.Build.0 = Release|Any CPU
		{71FA2028-78C9-466D-BF32-06C889E97B37}.Debug|Any CPU.ActiveCfg = Debug|Any CPU
		{71FA2028-78C9-466D-BF32-06C889E97B37}.Debug|Any CPU.Build.0 = Debug|Any CPU
		{71FA2028-78C9-466D-BF32-06C889E97B37}.Release|Any CPU.ActiveCfg = Release|Any CPU
		{71FA2028-78C9-466D-BF32-06C889E97B37}.Release|Any CPU.Build.0 = Release|Any CPU
		{EE00EB95-615C-45E9-A606-21F1DD2EAA35}.Debug|Any CPU.ActiveCfg = Debug|Any CPU
		{EE00EB95-615C-45E9-A606-21F1DD2EAA35}.Debug|Any CPU.Build.0 = Debug|Any CPU
		{EE00EB95-615C-45E9-A606-21F1DD2EAA35}.Release|Any CPU.ActiveCfg = Release|Any CPU
		{EE00EB95-615C-45E9-A606-21F1DD2EAA35}.Release|Any CPU.Build.0 = Release|Any CPU
		{9A08D47E-538B-4AD2-B4E6-76A29AECD324}.Debug|Any CPU.ActiveCfg = Debug|Any CPU
		{9A08D47E-538B-4AD2-B4E6-76A29AECD324}.Debug|Any CPU.Build.0 = Debug|Any CPU
		{9A08D47E-538B-4AD2-B4E6-76A29AECD324}.Release|Any CPU.ActiveCfg = Release|Any CPU
		{9A08D47E-538B-4AD2-B4E6-76A29AECD324}.Release|Any CPU.Build.0 = Release|Any CPU
		{62F7C5C6-7229-4C79-8850-1A7B387B82F7}.Debug|Any CPU.ActiveCfg = Debug|Any CPU
		{62F7C5C6-7229-4C79-8850-1A7B387B82F7}.Debug|Any CPU.Build.0 = Debug|Any CPU
		{62F7C5C6-7229-4C79-8850-1A7B387B82F7}.Release|Any CPU.ActiveCfg = Release|Any CPU
		{62F7C5C6-7229-4C79-8850-1A7B387B82F7}.Release|Any CPU.Build.0 = Release|Any CPU
		{238D63C6-287F-4840-8038-F4CCF0A8C211}.Debug|Any CPU.ActiveCfg = Debug|Any CPU
		{238D63C6-287F-4840-8038-F4CCF0A8C211}.Debug|Any CPU.Build.0 = Debug|Any CPU
		{238D63C6-287F-4840-8038-F4CCF0A8C211}.Release|Any CPU.ActiveCfg = Release|Any CPU
		{238D63C6-287F-4840-8038-F4CCF0A8C211}.Release|Any CPU.Build.0 = Release|Any CPU
		{2B0487E3-C9A1-4DEA-949A-31EE9D911CB8}.Debug|Any CPU.ActiveCfg = Debug|Any CPU
		{2B0487E3-C9A1-4DEA-949A-31EE9D911CB8}.Debug|Any CPU.Build.0 = Debug|Any CPU
		{2B0487E3-C9A1-4DEA-949A-31EE9D911CB8}.Release|Any CPU.ActiveCfg = Release|Any CPU
		{2B0487E3-C9A1-4DEA-949A-31EE9D911CB8}.Release|Any CPU.Build.0 = Release|Any CPU
		{A165C070-D51A-4261-BD4D-C497175DF4FF}.Debug|Any CPU.ActiveCfg = Debug|Any CPU
		{A165C070-D51A-4261-BD4D-C497175DF4FF}.Debug|Any CPU.Build.0 = Debug|Any CPU
		{A165C070-D51A-4261-BD4D-C497175DF4FF}.Release|Any CPU.ActiveCfg = Release|Any CPU
		{A165C070-D51A-4261-BD4D-C497175DF4FF}.Release|Any CPU.Build.0 = Release|Any CPU
		{D779B197-E8FE-4329-BA3E-31B74FD11504}.Debug|Any CPU.ActiveCfg = Debug|Any CPU
		{D779B197-E8FE-4329-BA3E-31B74FD11504}.Debug|Any CPU.Build.0 = Debug|Any CPU
		{D779B197-E8FE-4329-BA3E-31B74FD11504}.Release|Any CPU.ActiveCfg = Release|Any CPU
		{D779B197-E8FE-4329-BA3E-31B74FD11504}.Release|Any CPU.Build.0 = Release|Any CPU
		{0AB488E8-E27C-4DAE-BA3F-81682E87BE17}.Debug|Any CPU.ActiveCfg = Debug|Any CPU
		{0AB488E8-E27C-4DAE-BA3F-81682E87BE17}.Debug|Any CPU.Build.0 = Debug|Any CPU
		{0AB488E8-E27C-4DAE-BA3F-81682E87BE17}.Release|Any CPU.ActiveCfg = Release|Any CPU
		{0AB488E8-E27C-4DAE-BA3F-81682E87BE17}.Release|Any CPU.Build.0 = Release|Any CPU
		{06C7B8F3-709A-49F4-B479-6CE29D3B1861}.Debug|Any CPU.ActiveCfg = Debug|Any CPU
		{06C7B8F3-709A-49F4-B479-6CE29D3B1861}.Debug|Any CPU.Build.0 = Debug|Any CPU
		{06C7B8F3-709A-49F4-B479-6CE29D3B1861}.Release|Any CPU.ActiveCfg = Release|Any CPU
		{06C7B8F3-709A-49F4-B479-6CE29D3B1861}.Release|Any CPU.Build.0 = Release|Any CPU
		{62EED520-11F6-4B20-AC58-4096DD56E272}.Debug|Any CPU.ActiveCfg = Debug|Any CPU
		{62EED520-11F6-4B20-AC58-4096DD56E272}.Debug|Any CPU.Build.0 = Debug|Any CPU
		{62EED520-11F6-4B20-AC58-4096DD56E272}.Release|Any CPU.ActiveCfg = Release|Any CPU
		{62EED520-11F6-4B20-AC58-4096DD56E272}.Release|Any CPU.Build.0 = Release|Any CPU
		{A4143863-A11B-4461-8C65-285CFD3FE8CD}.Debug|Any CPU.ActiveCfg = Debug|Any CPU
		{A4143863-A11B-4461-8C65-285CFD3FE8CD}.Debug|Any CPU.Build.0 = Debug|Any CPU
		{A4143863-A11B-4461-8C65-285CFD3FE8CD}.Release|Any CPU.ActiveCfg = Release|Any CPU
		{A4143863-A11B-4461-8C65-285CFD3FE8CD}.Release|Any CPU.Build.0 = Release|Any CPU
		{479AD1C9-C19A-4062-9916-B1BF0B55DFFB}.Debug|Any CPU.ActiveCfg = Debug|Any CPU
		{479AD1C9-C19A-4062-9916-B1BF0B55DFFB}.Debug|Any CPU.Build.0 = Debug|Any CPU
		{479AD1C9-C19A-4062-9916-B1BF0B55DFFB}.Release|Any CPU.ActiveCfg = Release|Any CPU
		{479AD1C9-C19A-4062-9916-B1BF0B55DFFB}.Release|Any CPU.Build.0 = Release|Any CPU
		{0472CB1F-9651-4881-AD56-016C54DDCD18}.Debug|Any CPU.ActiveCfg = Debug|Any CPU
		{0472CB1F-9651-4881-AD56-016C54DDCD18}.Debug|Any CPU.Build.0 = Debug|Any CPU
		{0472CB1F-9651-4881-AD56-016C54DDCD18}.Release|Any CPU.ActiveCfg = Release|Any CPU
		{0472CB1F-9651-4881-AD56-016C54DDCD18}.Release|Any CPU.Build.0 = Release|Any CPU
		{2B0B80B3-063E-4C93-9D7B-70C1A1CEE3E4}.Debug|Any CPU.ActiveCfg = Debug|Any CPU
		{2B0B80B3-063E-4C93-9D7B-70C1A1CEE3E4}.Debug|Any CPU.Build.0 = Debug|Any CPU
		{2B0B80B3-063E-4C93-9D7B-70C1A1CEE3E4}.Release|Any CPU.ActiveCfg = Release|Any CPU
		{2B0B80B3-063E-4C93-9D7B-70C1A1CEE3E4}.Release|Any CPU.Build.0 = Release|Any CPU
		{C6C6AC19-1C95-46C0-8C18-79019B99C2CA}.Debug|Any CPU.ActiveCfg = Debug|Any CPU
		{C6C6AC19-1C95-46C0-8C18-79019B99C2CA}.Debug|Any CPU.Build.0 = Debug|Any CPU
		{C6C6AC19-1C95-46C0-8C18-79019B99C2CA}.Release|Any CPU.ActiveCfg = Release|Any CPU
		{C6C6AC19-1C95-46C0-8C18-79019B99C2CA}.Release|Any CPU.Build.0 = Release|Any CPU
		{009EF9AD-E00D-4F3D-AB78-0CF847DC584A}.Debug|Any CPU.ActiveCfg = Debug|Any CPU
		{009EF9AD-E00D-4F3D-AB78-0CF847DC584A}.Debug|Any CPU.Build.0 = Debug|Any CPU
		{009EF9AD-E00D-4F3D-AB78-0CF847DC584A}.Release|Any CPU.ActiveCfg = Release|Any CPU
		{009EF9AD-E00D-4F3D-AB78-0CF847DC584A}.Release|Any CPU.Build.0 = Release|Any CPU
	EndGlobalSection
	GlobalSection(SolutionProperties) = preSolution
		HideSolutionNode = FALSE
	EndGlobalSection
	GlobalSection(NestedProjects) = preSolution
		{147678A6-EED6-4665-B866-097273F9A7D2} = {21008BF9-633F-4227-8FC9-63678734D689}
		{E57EE3E3-7D51-477A-AABF-3485DDC091D4} = {21008BF9-633F-4227-8FC9-63678734D689}
		{D8E7BCC0-A2AD-4DC0-BCD6-9F96005F515C} = {0283D981-2AB8-41AD-923F-531A33C33FC0}
		{A24D31CB-EBEA-484B-A6E8-F3FD8BF3C5C2} = {0283D981-2AB8-41AD-923F-531A33C33FC0}
		{D8C37B15-7264-481F-BC2D-683957BB1A9E} = {0283D981-2AB8-41AD-923F-531A33C33FC0}
		{71FA2028-78C9-466D-BF32-06C889E97B37} = {0283D981-2AB8-41AD-923F-531A33C33FC0}
		{EE00EB95-615C-45E9-A606-21F1DD2EAA35} = {0283D981-2AB8-41AD-923F-531A33C33FC0}
		{9A08D47E-538B-4AD2-B4E6-76A29AECD324} = {0283D981-2AB8-41AD-923F-531A33C33FC0}
		{62F7C5C6-7229-4C79-8850-1A7B387B82F7} = {0283D981-2AB8-41AD-923F-531A33C33FC0}
		{238D63C6-287F-4840-8038-F4CCF0A8C211} = {0283D981-2AB8-41AD-923F-531A33C33FC0}
		{2B0487E3-C9A1-4DEA-949A-31EE9D911CB8} = {0283D981-2AB8-41AD-923F-531A33C33FC0}
		{A165C070-D51A-4261-BD4D-C497175DF4FF} = {0283D981-2AB8-41AD-923F-531A33C33FC0}
		{D779B197-E8FE-4329-BA3E-31B74FD11504} = {0283D981-2AB8-41AD-923F-531A33C33FC0}
		{0AB488E8-E27C-4DAE-BA3F-81682E87BE17} = {0283D981-2AB8-41AD-923F-531A33C33FC0}
		{06C7B8F3-709A-49F4-B479-6CE29D3B1861} = {0283D981-2AB8-41AD-923F-531A33C33FC0}
		{62EED520-11F6-4B20-AC58-4096DD56E272} = {0283D981-2AB8-41AD-923F-531A33C33FC0}
		{A4143863-A11B-4461-8C65-285CFD3FE8CD} = {0283D981-2AB8-41AD-923F-531A33C33FC0}
		{479AD1C9-C19A-4062-9916-B1BF0B55DFFB} = {0283D981-2AB8-41AD-923F-531A33C33FC0}
		{0472CB1F-9651-4881-AD56-016C54DDCD18} = {4B5D16F9-8B11-4CC3-8091-8FFF2E73B36E}
		{2B0B80B3-063E-4C93-9D7B-70C1A1CEE3E4} = {4B5D16F9-8B11-4CC3-8091-8FFF2E73B36E}
		{C6C6AC19-1C95-46C0-8C18-79019B99C2CA} = {02EFB061-A064-44B6-A53C-E7EA34B1883A}
		{009EF9AD-E00D-4F3D-AB78-0CF847DC584A} = {5BBBC73C-4AC0-41D4-89DC-9A02BDA2FF39}
	EndGlobalSection
	GlobalSection(ExtensibilityGlobals) = postSolution
		SolutionGuid = {6DB1F5B8-4D04-4EFA-AE5A-8266DA563D2F}
	EndGlobalSection
EndGlobal
